{
  "name": "analise-b3",
  "version": "1.0.0",
  "lockfileVersion": 1,
  "requires": true,
  "dependencies": {
    "node-fetch": {
      "version": "2.6.1",
      "resolved": "https://registry.npmjs.org/node-fetch/-/node-fetch-2.6.1.tgz",
      "integrity": "sha512-V4aYg89jEoVRxRb2fJdAg8FHvI7cEyYdVAh94HH0UIK8oJxUfkjlDQN9RbMx+bEjP7+ggMiFRprSti032Oipxw=="
    },
    "simple-statistics": {
      "version": "7.3.0",
      "resolved": "https://registry.npmjs.org/simple-statistics/-/simple-statistics-7.3.0.tgz",
      "integrity": "sha512-eGZFLeolvspUYdGeDX7xN8eZONps4Os2W/l+7t7usgHTqc4M2sWIBx95hr4ZNlK6rQATypo8MfsORc/o56roQg=="
    }
  }
}
